// !$*UTF8*$!
{
	archiveVersion = 1;
	classes = {
	};
	objectVersion = 51;
	objects = {

/* Begin PBXBuildFile section */
		0914BFE5D2A0D663EAB7F912 /* Pods_loginid_sdk_sample.framework in Frameworks */ = {isa = PBXBuildFile; fileRef = E82E6ABB0A52D88241E49FF0 /* Pods_loginid_sdk_sample.framework */; };
		752DA7FB248FED92000C8875 /* AppDelegate.swift in Sources */ = {isa = PBXBuildFile; fileRef = 752DA7FA248FED92000C8875 /* AppDelegate.swift */; };
		752DA7FD248FED92000C8875 /* SceneDelegate.swift in Sources */ = {isa = PBXBuildFile; fileRef = 752DA7FC248FED92000C8875 /* SceneDelegate.swift */; };
		752DA7FF248FED92000C8875 /* ContentView.swift in Sources */ = {isa = PBXBuildFile; fileRef = 752DA7FE248FED92000C8875 /* ContentView.swift */; };
		752DA801248FED99000C8875 /* Assets.xcassets in Resources */ = {isa = PBXBuildFile; fileRef = 752DA800248FED99000C8875 /* Assets.xcassets */; };
		752DA804248FED99000C8875 /* Preview Assets.xcassets in Resources */ = {isa = PBXBuildFile; fileRef = 752DA803248FED99000C8875 /* Preview Assets.xcassets */; };
		752DA807248FED99000C8875 /* LaunchScreen.storyboard in Resources */ = {isa = PBXBuildFile; fileRef = 752DA805248FED99000C8875 /* LaunchScreen.storyboard */; };
		752DA812248FED99000C8875 /* loginid_sdk_sampleTests.swift in Sources */ = {isa = PBXBuildFile; fileRef = 752DA811248FED99000C8875 /* loginid_sdk_sampleTests.swift */; };
		752DA81D248FED99000C8875 /* loginid_sdk_sampleUITests.swift in Sources */ = {isa = PBXBuildFile; fileRef = 752DA81C248FED99000C8875 /* loginid_sdk_sampleUITests.swift */; };
		754C3253249025EA00A6FA0E /* SwiftUIView.swift in Sources */ = {isa = PBXBuildFile; fileRef = 754C3252249025EA00A6FA0E /* SwiftUIView.swift */; };
		756E6EA824915410005E9C87 /* MyButtonStyle.swift in Sources */ = {isa = PBXBuildFile; fileRef = 756E6EA724915410005E9C87 /* MyButtonStyle.swift */; };
/* End PBXBuildFile section */

/* Begin PBXContainerItemProxy section */
		752DA80E248FED99000C8875 /* PBXContainerItemProxy */ = {
			isa = PBXContainerItemProxy;
			containerPortal = 752DA7EF248FED92000C8875 /* Project object */;
			proxyType = 1;
			remoteGlobalIDString = 752DA7F6248FED92000C8875;
			remoteInfo = "loginid-sdk-sample";
		};
		752DA819248FED99000C8875 /* PBXContainerItemProxy */ = {
			isa = PBXContainerItemProxy;
			containerPortal = 752DA7EF248FED92000C8875 /* Project object */;
			proxyType = 1;
			remoteGlobalIDString = 752DA7F6248FED92000C8875;
			remoteInfo = "loginid-sdk-sample";
		};
/* End PBXContainerItemProxy section */

/* Begin PBXFileReference section */
		4592B5C2DFD64C9B900D0BF6 /* Pods-loginid-sdk-sample.release.xcconfig */ = {isa = PBXFileReference; includeInIndex = 1; lastKnownFileType = text.xcconfig; name = "Pods-loginid-sdk-sample.release.xcconfig"; path = "Target Support Files/Pods-loginid-sdk-sample/Pods-loginid-sdk-sample.release.xcconfig"; sourceTree = "<group>"; };
		752DA7F7248FED92000C8875 /* loginid-sdk-sample.app */ = {isa = PBXFileReference; explicitFileType = wrapper.application; includeInIndex = 0; path = "loginid-sdk-sample.app"; sourceTree = BUILT_PRODUCTS_DIR; };
		752DA7FA248FED92000C8875 /* AppDelegate.swift */ = {isa = PBXFileReference; lastKnownFileType = sourcecode.swift; path = AppDelegate.swift; sourceTree = "<group>"; };
		752DA7FC248FED92000C8875 /* SceneDelegate.swift */ = {isa = PBXFileReference; lastKnownFileType = sourcecode.swift; path = SceneDelegate.swift; sourceTree = "<group>"; };
		752DA7FE248FED92000C8875 /* ContentView.swift */ = {isa = PBXFileReference; lastKnownFileType = sourcecode.swift; path = ContentView.swift; sourceTree = "<group>"; };
		752DA800248FED99000C8875 /* Assets.xcassets */ = {isa = PBXFileReference; lastKnownFileType = folder.assetcatalog; path = Assets.xcassets; sourceTree = "<group>"; };
		752DA803248FED99000C8875 /* Preview Assets.xcassets */ = {isa = PBXFileReference; lastKnownFileType = folder.assetcatalog; path = "Preview Assets.xcassets"; sourceTree = "<group>"; };
		752DA806248FED99000C8875 /* Base */ = {isa = PBXFileReference; lastKnownFileType = file.storyboard; name = Base; path = Base.lproj/LaunchScreen.storyboard; sourceTree = "<group>"; };
		752DA808248FED99000C8875 /* Info.plist */ = {isa = PBXFileReference; lastKnownFileType = text.plist.xml; path = Info.plist; sourceTree = "<group>"; };
		752DA80D248FED99000C8875 /* loginid-sdk-sampleTests.xctest */ = {isa = PBXFileReference; explicitFileType = wrapper.cfbundle; includeInIndex = 0; path = "loginid-sdk-sampleTests.xctest"; sourceTree = BUILT_PRODUCTS_DIR; };
		752DA811248FED99000C8875 /* loginid_sdk_sampleTests.swift */ = {isa = PBXFileReference; lastKnownFileType = sourcecode.swift; path = loginid_sdk_sampleTests.swift; sourceTree = "<group>"; };
		752DA813248FED99000C8875 /* Info.plist */ = {isa = PBXFileReference; lastKnownFileType = text.plist.xml; path = Info.plist; sourceTree = "<group>"; };
		752DA818248FED99000C8875 /* loginid-sdk-sampleUITests.xctest */ = {isa = PBXFileReference; explicitFileType = wrapper.cfbundle; includeInIndex = 0; path = "loginid-sdk-sampleUITests.xctest"; sourceTree = BUILT_PRODUCTS_DIR; };
		752DA81C248FED99000C8875 /* loginid_sdk_sampleUITests.swift */ = {isa = PBXFileReference; lastKnownFileType = sourcecode.swift; path = loginid_sdk_sampleUITests.swift; sourceTree = "<group>"; };
		752DA81E248FED99000C8875 /* Info.plist */ = {isa = PBXFileReference; lastKnownFileType = text.plist.xml; path = Info.plist; sourceTree = "<group>"; };
		754C3252249025EA00A6FA0E /* SwiftUIView.swift */ = {isa = PBXFileReference; lastKnownFileType = sourcecode.swift; path = SwiftUIView.swift; sourceTree = "<group>"; };
		756E6EA724915410005E9C87 /* MyButtonStyle.swift */ = {isa = PBXFileReference; lastKnownFileType = sourcecode.swift; path = MyButtonStyle.swift; sourceTree = "<group>"; };
		A045E745E54687B2CE57F32B /* Pods-loginid-sdk-sample.debug.xcconfig */ = {isa = PBXFileReference; includeInIndex = 1; lastKnownFileType = text.xcconfig; name = "Pods-loginid-sdk-sample.debug.xcconfig"; path = "Target Support Files/Pods-loginid-sdk-sample/Pods-loginid-sdk-sample.debug.xcconfig"; sourceTree = "<group>"; };
		E82E6ABB0A52D88241E49FF0 /* Pods_loginid_sdk_sample.framework */ = {isa = PBXFileReference; explicitFileType = wrapper.framework; includeInIndex = 0; path = Pods_loginid_sdk_sample.framework; sourceTree = BUILT_PRODUCTS_DIR; };
/* End PBXFileReference section */

/* Begin PBXFrameworksBuildPhase section */
		752DA7F4248FED92000C8875 /* Frameworks */ = {
			isa = PBXFrameworksBuildPhase;
			buildActionMask = 2147483647;
			files = (
				0914BFE5D2A0D663EAB7F912 /* Pods_loginid_sdk_sample.framework in Frameworks */,
			);
			runOnlyForDeploymentPostprocessing = 0;
		};
		752DA80A248FED99000C8875 /* Frameworks */ = {
			isa = PBXFrameworksBuildPhase;
			buildActionMask = 2147483647;
			files = (
			);
			runOnlyForDeploymentPostprocessing = 0;
		};
		752DA815248FED99000C8875 /* Frameworks */ = {
			isa = PBXFrameworksBuildPhase;
			buildActionMask = 2147483647;
			files = (
			);
			runOnlyForDeploymentPostprocessing = 0;
		};
/* End PBXFrameworksBuildPhase section */

/* Begin PBXGroup section */
		490409026B851676705AEE17 /* Frameworks */ = {
			isa = PBXGroup;
			children = (
				E82E6ABB0A52D88241E49FF0 /* Pods_loginid_sdk_sample.framework */,
			);
			name = Frameworks;
			sourceTree = "<group>";
		};
		752DA7EE248FED92000C8875 = {
			isa = PBXGroup;
			children = (
				752DA7F9248FED92000C8875 /* loginid-sdk-sample */,
				752DA810248FED99000C8875 /* loginid-sdk-sampleTests */,
				752DA81B248FED99000C8875 /* loginid-sdk-sampleUITests */,
				752DA7F8248FED92000C8875 /* Products */,
				F9862DC5DB8C34DE2889CCAD /* Pods */,
				490409026B851676705AEE17 /* Frameworks */,
			);
			sourceTree = "<group>";
		};
		752DA7F8248FED92000C8875 /* Products */ = {
			isa = PBXGroup;
			children = (
				752DA7F7248FED92000C8875 /* loginid-sdk-sample.app */,
				752DA80D248FED99000C8875 /* loginid-sdk-sampleTests.xctest */,
				752DA818248FED99000C8875 /* loginid-sdk-sampleUITests.xctest */,
			);
			name = Products;
			sourceTree = "<group>";
		};
		752DA7F9248FED92000C8875 /* loginid-sdk-sample */ = {
			isa = PBXGroup;
			children = (
				756E6EA6249153E9005E9C87 /* Styles */,
				752DA7FA248FED92000C8875 /* AppDelegate.swift */,
				752DA7FC248FED92000C8875 /* SceneDelegate.swift */,
				752DA7FE248FED92000C8875 /* ContentView.swift */,
				752DA800248FED99000C8875 /* Assets.xcassets */,
				752DA805248FED99000C8875 /* LaunchScreen.storyboard */,
				752DA808248FED99000C8875 /* Info.plist */,
				752DA802248FED99000C8875 /* Preview Content */,
				754C3252249025EA00A6FA0E /* SwiftUIView.swift */,
			);
			path = "loginid-sdk-sample";
			sourceTree = "<group>";
		};
		752DA802248FED99000C8875 /* Preview Content */ = {
			isa = PBXGroup;
			children = (
				752DA803248FED99000C8875 /* Preview Assets.xcassets */,
			);
			path = "Preview Content";
			sourceTree = "<group>";
		};
		752DA810248FED99000C8875 /* loginid-sdk-sampleTests */ = {
			isa = PBXGroup;
			children = (
				752DA811248FED99000C8875 /* loginid_sdk_sampleTests.swift */,
				752DA813248FED99000C8875 /* Info.plist */,
			);
			path = "loginid-sdk-sampleTests";
			sourceTree = "<group>";
		};
		752DA81B248FED99000C8875 /* loginid-sdk-sampleUITests */ = {
			isa = PBXGroup;
			children = (
				752DA81C248FED99000C8875 /* loginid_sdk_sampleUITests.swift */,
				752DA81E248FED99000C8875 /* Info.plist */,
			);
			path = "loginid-sdk-sampleUITests";
			sourceTree = "<group>";
		};
		756E6EA6249153E9005E9C87 /* Styles */ = {
			isa = PBXGroup;
			children = (
				756E6EA724915410005E9C87 /* MyButtonStyle.swift */,
			);
			path = Styles;
			sourceTree = "<group>";
		};
		F9862DC5DB8C34DE2889CCAD /* Pods */ = {
			isa = PBXGroup;
			children = (
				A045E745E54687B2CE57F32B /* Pods-loginid-sdk-sample.debug.xcconfig */,
				4592B5C2DFD64C9B900D0BF6 /* Pods-loginid-sdk-sample.release.xcconfig */,
			);
			path = Pods;
			sourceTree = "<group>";
		};
/* End PBXGroup section */

/* Begin PBXNativeTarget section */
		752DA7F6248FED92000C8875 /* loginid-sdk-sample */ = {
			isa = PBXNativeTarget;
			buildConfigurationList = 752DA821248FED99000C8875 /* Build configuration list for PBXNativeTarget "loginid-sdk-sample" */;
			buildPhases = (
				6CB5FF9DF3993B6BE04A7F08 /* [CP] Check Pods Manifest.lock */,
				752DA7F3248FED92000C8875 /* Sources */,
				752DA7F4248FED92000C8875 /* Frameworks */,
				752DA7F5248FED92000C8875 /* Resources */,
				15066D958A737FB03A48A859 /* [CP] Embed Pods Frameworks */,
			);
			buildRules = (
			);
			dependencies = (
			);
			name = "loginid-sdk-sample";
			productName = "loginid-sdk-sample";
			productReference = 752DA7F7248FED92000C8875 /* loginid-sdk-sample.app */;
			productType = "com.apple.product-type.application";
		};
		752DA80C248FED99000C8875 /* loginid-sdk-sampleTests */ = {
			isa = PBXNativeTarget;
			buildConfigurationList = 752DA824248FED99000C8875 /* Build configuration list for PBXNativeTarget "loginid-sdk-sampleTests" */;
			buildPhases = (
				752DA809248FED99000C8875 /* Sources */,
				752DA80A248FED99000C8875 /* Frameworks */,
				752DA80B248FED99000C8875 /* Resources */,
			);
			buildRules = (
			);
			dependencies = (
				752DA80F248FED99000C8875 /* PBXTargetDependency */,
			);
			name = "loginid-sdk-sampleTests";
			productName = "loginid-sdk-sampleTests";
			productReference = 752DA80D248FED99000C8875 /* loginid-sdk-sampleTests.xctest */;
			productType = "com.apple.product-type.bundle.unit-test";
		};
		752DA817248FED99000C8875 /* loginid-sdk-sampleUITests */ = {
			isa = PBXNativeTarget;
			buildConfigurationList = 752DA827248FED99000C8875 /* Build configuration list for PBXNativeTarget "loginid-sdk-sampleUITests" */;
			buildPhases = (
				752DA814248FED99000C8875 /* Sources */,
				752DA815248FED99000C8875 /* Frameworks */,
				752DA816248FED99000C8875 /* Resources */,
			);
			buildRules = (
			);
			dependencies = (
				752DA81A248FED99000C8875 /* PBXTargetDependency */,
			);
			name = "loginid-sdk-sampleUITests";
			productName = "loginid-sdk-sampleUITests";
			productReference = 752DA818248FED99000C8875 /* loginid-sdk-sampleUITests.xctest */;
			productType = "com.apple.product-type.bundle.ui-testing";
		};
/* End PBXNativeTarget section */

/* Begin PBXProject section */
		752DA7EF248FED92000C8875 /* Project object */ = {
			isa = PBXProject;
			attributes = {
				LastSwiftUpdateCheck = 1150;
				LastUpgradeCheck = 1150;
				ORGANIZATIONNAME = hatchways;
				TargetAttributes = {
					752DA7F6248FED92000C8875 = {
						CreatedOnToolsVersion = 11.5;
					};
					752DA80C248FED99000C8875 = {
						CreatedOnToolsVersion = 11.5;
						TestTargetID = 752DA7F6248FED92000C8875;
					};
					752DA817248FED99000C8875 = {
						CreatedOnToolsVersion = 11.5;
						TestTargetID = 752DA7F6248FED92000C8875;
					};
				};
			};
			buildConfigurationList = 752DA7F2248FED92000C8875 /* Build configuration list for PBXProject "loginid-sdk-sample" */;
			compatibilityVersion = "Xcode 9.3";
			developmentRegion = en;
			hasScannedForEncodings = 0;
			knownRegions = (
				en,
				Base,
			);
			mainGroup = 752DA7EE248FED92000C8875;
			productRefGroup = 752DA7F8248FED92000C8875 /* Products */;
			projectDirPath = "";
			projectRoot = "";
			targets = (
				752DA7F6248FED92000C8875 /* loginid-sdk-sample */,
				752DA80C248FED99000C8875 /* loginid-sdk-sampleTests */,
				752DA817248FED99000C8875 /* loginid-sdk-sampleUITests */,
			);
		};
/* End PBXProject section */

/* Begin PBXResourcesBuildPhase section */
		752DA7F5248FED92000C8875 /* Resources */ = {
			isa = PBXResourcesBuildPhase;
			buildActionMask = 2147483647;
			files = (
				752DA807248FED99000C8875 /* LaunchScreen.storyboard in Resources */,
				752DA804248FED99000C8875 /* Preview Assets.xcassets in Resources */,
				752DA801248FED99000C8875 /* Assets.xcassets in Resources */,
			);
			runOnlyForDeploymentPostprocessing = 0;
		};
		752DA80B248FED99000C8875 /* Resources */ = {
			isa = PBXResourcesBuildPhase;
			buildActionMask = 2147483647;
			files = (
			);
			runOnlyForDeploymentPostprocessing = 0;
		};
		752DA816248FED99000C8875 /* Resources */ = {
			isa = PBXResourcesBuildPhase;
			buildActionMask = 2147483647;
			files = (
			);
			runOnlyForDeploymentPostprocessing = 0;
		};
/* End PBXResourcesBuildPhase section */

/* Begin PBXShellScriptBuildPhase section */
		15066D958A737FB03A48A859 /* [CP] Embed Pods Frameworks */ = {
			isa = PBXShellScriptBuildPhase;
			buildActionMask = 2147483647;
			files = (
			);
			inputFileListPaths = (
				"${PODS_ROOT}/Target Support Files/Pods-loginid-sdk-sample/Pods-loginid-sdk-sample-frameworks-${CONFIGURATION}-input-files.xcfilelist",
			);
			name = "[CP] Embed Pods Frameworks";
			outputFileListPaths = (
				"${PODS_ROOT}/Target Support Files/Pods-loginid-sdk-sample/Pods-loginid-sdk-sample-frameworks-${CONFIGURATION}-output-files.xcfilelist",
			);
			runOnlyForDeploymentPostprocessing = 0;
			shellPath = /bin/sh;
			shellScript = "\"${PODS_ROOT}/Target Support Files/Pods-loginid-sdk-sample/Pods-loginid-sdk-sample-frameworks.sh\"\n";
			showEnvVarsInLog = 0;
		};
		6CB5FF9DF3993B6BE04A7F08 /* [CP] Check Pods Manifest.lock */ = {
			isa = PBXShellScriptBuildPhase;
			buildActionMask = 2147483647;
			files = (
			);
			inputFileListPaths = (
			);
			inputPaths = (
				"${PODS_PODFILE_DIR_PATH}/Podfile.lock",
				"${PODS_ROOT}/Manifest.lock",
			);
			name = "[CP] Check Pods Manifest.lock";
			outputFileListPaths = (
			);
			outputPaths = (
				"$(DERIVED_FILE_DIR)/Pods-loginid-sdk-sample-checkManifestLockResult.txt",
			);
			runOnlyForDeploymentPostprocessing = 0;
			shellPath = /bin/sh;
			shellScript = "diff \"${PODS_PODFILE_DIR_PATH}/Podfile.lock\" \"${PODS_ROOT}/Manifest.lock\" > /dev/null\nif [ $? != 0 ] ; then\n    # print error to STDERR\n    echo \"error: The sandbox is not in sync with the Podfile.lock. Run 'pod install' or update your CocoaPods installation.\" >&2\n    exit 1\nfi\n# This output is used by Xcode 'outputs' to avoid re-running this script phase.\necho \"SUCCESS\" > \"${SCRIPT_OUTPUT_FILE_0}\"\n";
			showEnvVarsInLog = 0;
		};
/* End PBXShellScriptBuildPhase section */

/* Begin PBXSourcesBuildPhase section */
		752DA7F3248FED92000C8875 /* Sources */ = {
			isa = PBXSourcesBuildPhase;
			buildActionMask = 2147483647;
			files = (
				756E6EA824915410005E9C87 /* MyButtonStyle.swift in Sources */,
				752DA7FB248FED92000C8875 /* AppDelegate.swift in Sources */,
				752DA7FD248FED92000C8875 /* SceneDelegate.swift in Sources */,
				754C3253249025EA00A6FA0E /* SwiftUIView.swift in Sources */,
				752DA7FF248FED92000C8875 /* ContentView.swift in Sources */,
			);
			runOnlyForDeploymentPostprocessing = 0;
		};
		752DA809248FED99000C8875 /* Sources */ = {
			isa = PBXSourcesBuildPhase;
			buildActionMask = 2147483647;
			files = (
				752DA812248FED99000C8875 /* loginid_sdk_sampleTests.swift in Sources */,
			);
			runOnlyForDeploymentPostprocessing = 0;
		};
		752DA814248FED99000C8875 /* Sources */ = {
			isa = PBXSourcesBuildPhase;
			buildActionMask = 2147483647;
			files = (
				752DA81D248FED99000C8875 /* loginid_sdk_sampleUITests.swift in Sources */,
			);
			runOnlyForDeploymentPostprocessing = 0;
		};
/* End PBXSourcesBuildPhase section */

/* Begin PBXTargetDependency section */
		752DA80F248FED99000C8875 /* PBXTargetDependency */ = {
			isa = PBXTargetDependency;
			target = 752DA7F6248FED92000C8875 /* loginid-sdk-sample */;
			targetProxy = 752DA80E248FED99000C8875 /* PBXContainerItemProxy */;
		};
		752DA81A248FED99000C8875 /* PBXTargetDependency */ = {
			isa = PBXTargetDependency;
			target = 752DA7F6248FED92000C8875 /* loginid-sdk-sample */;
			targetProxy = 752DA819248FED99000C8875 /* PBXContainerItemProxy */;
		};
/* End PBXTargetDependency section */

/* Begin PBXVariantGroup section */
		752DA805248FED99000C8875 /* LaunchScreen.storyboard */ = {
			isa = PBXVariantGroup;
			children = (
				752DA806248FED99000C8875 /* Base */,
			);
			name = LaunchScreen.storyboard;
			sourceTree = "<group>";
		};
/* End PBXVariantGroup section */

/* Begin XCBuildConfiguration section */
		752DA81F248FED99000C8875 /* Debug */ = {
			isa = XCBuildConfiguration;
			buildSettings = {
				ALWAYS_SEARCH_USER_PATHS = NO;
				CLANG_ANALYZER_NONNULL = YES;
				CLANG_ANALYZER_NUMBER_OBJECT_CONVERSION = YES_AGGRESSIVE;
				CLANG_CXX_LANGUAGE_STANDARD = "gnu++14";
				CLANG_CXX_LIBRARY = "libc++";
				CLANG_ENABLE_MODULES = YES;
				CLANG_ENABLE_OBJC_ARC = YES;
				CLANG_ENABLE_OBJC_WEAK = YES;
				CLANG_WARN_BLOCK_CAPTURE_AUTORELEASING = YES;
				CLANG_WARN_BOOL_CONVERSION = YES;
				CLANG_WARN_COMMA = YES;
				CLANG_WARN_CONSTANT_CONVERSION = YES;
				CLANG_WARN_DEPRECATED_OBJC_IMPLEMENTATIONS = YES;
				CLANG_WARN_DIRECT_OBJC_ISA_USAGE = YES_ERROR;
				CLANG_WARN_DOCUMENTATION_COMMENTS = YES;
				CLANG_WARN_EMPTY_BODY = YES;
				CLANG_WARN_ENUM_CONVERSION = YES;
				CLANG_WARN_INFINITE_RECURSION = YES;
				CLANG_WARN_INT_CONVERSION = YES;
				CLANG_WARN_NON_LITERAL_NULL_CONVERSION = YES;
				CLANG_WARN_OBJC_IMPLICIT_RETAIN_SELF = YES;
				CLANG_WARN_OBJC_LITERAL_CONVERSION = YES;
				CLANG_WARN_OBJC_ROOT_CLASS = YES_ERROR;
				CLANG_WARN_RANGE_LOOP_ANALYSIS = YES;
				CLANG_WARN_STRICT_PROTOTYPES = YES;
				CLANG_WARN_SUSPICIOUS_MOVE = YES;
				CLANG_WARN_UNGUARDED_AVAILABILITY = YES_AGGRESSIVE;
				CLANG_WARN_UNREACHABLE_CODE = YES;
				CLANG_WARN__DUPLICATE_METHOD_MATCH = YES;
				COPY_PHASE_STRIP = NO;
				DEBUG_INFORMATION_FORMAT = dwarf;
				ENABLE_STRICT_OBJC_MSGSEND = YES;
				ENABLE_TESTABILITY = YES;
				GCC_C_LANGUAGE_STANDARD = gnu11;
				GCC_DYNAMIC_NO_PIC = NO;
				GCC_NO_COMMON_BLOCKS = YES;
				GCC_OPTIMIZATION_LEVEL = 0;
				GCC_PREPROCESSOR_DEFINITIONS = (
					"DEBUG=1",
					"$(inherited)",
				);
				GCC_WARN_64_TO_32_BIT_CONVERSION = YES;
				GCC_WARN_ABOUT_RETURN_TYPE = YES_ERROR;
				GCC_WARN_UNDECLARED_SELECTOR = YES;
				GCC_WARN_UNINITIALIZED_AUTOS = YES_AGGRESSIVE;
				GCC_WARN_UNUSED_FUNCTION = YES;
				GCC_WARN_UNUSED_VARIABLE = YES;
				IPHONEOS_DEPLOYMENT_TARGET = 13.5;
				MTL_ENABLE_DEBUG_INFO = INCLUDE_SOURCE;
				MTL_FAST_MATH = YES;
				ONLY_ACTIVE_ARCH = YES;
				SDKROOT = iphoneos;
				SWIFT_ACTIVE_COMPILATION_CONDITIONS = DEBUG;
				SWIFT_OPTIMIZATION_LEVEL = "-Onone";
			};
			name = Debug;
		};
		752DA820248FED99000C8875 /* Release */ = {
			isa = XCBuildConfiguration;
			buildSettings = {
				ALWAYS_SEARCH_USER_PATHS = NO;
				CLANG_ANALYZER_NONNULL = YES;
				CLANG_ANALYZER_NUMBER_OBJECT_CONVERSION = YES_AGGRESSIVE;
				CLANG_CXX_LANGUAGE_STANDARD = "gnu++14";
				CLANG_CXX_LIBRARY = "libc++";
				CLANG_ENABLE_MODULES = YES;
				CLANG_ENABLE_OBJC_ARC = YES;
				CLANG_ENABLE_OBJC_WEAK = YES;
				CLANG_WARN_BLOCK_CAPTURE_AUTORELEASING = YES;
				CLANG_WARN_BOOL_CONVERSION = YES;
				CLANG_WARN_COMMA = YES;
				CLANG_WARN_CONSTANT_CONVERSION = YES;
				CLANG_WARN_DEPRECATED_OBJC_IMPLEMENTATIONS = YES;
				CLANG_WARN_DIRECT_OBJC_ISA_USAGE = YES_ERROR;
				CLANG_WARN_DOCUMENTATION_COMMENTS = YES;
				CLANG_WARN_EMPTY_BODY = YES;
				CLANG_WARN_ENUM_CONVERSION = YES;
				CLANG_WARN_INFINITE_RECURSION = YES;
				CLANG_WARN_INT_CONVERSION = YES;
				CLANG_WARN_NON_LITERAL_NULL_CONVERSION = YES;
				CLANG_WARN_OBJC_IMPLICIT_RETAIN_SELF = YES;
				CLANG_WARN_OBJC_LITERAL_CONVERSION = YES;
				CLANG_WARN_OBJC_ROOT_CLASS = YES_ERROR;
				CLANG_WARN_RANGE_LOOP_ANALYSIS = YES;
				CLANG_WARN_STRICT_PROTOTYPES = YES;
				CLANG_WARN_SUSPICIOUS_MOVE = YES;
				CLANG_WARN_UNGUARDED_AVAILABILITY = YES_AGGRESSIVE;
				CLANG_WARN_UNREACHABLE_CODE = YES;
				CLANG_WARN__DUPLICATE_METHOD_MATCH = YES;
				COPY_PHASE_STRIP = NO;
				DEBUG_INFORMATION_FORMAT = "dwarf-with-dsym";
				ENABLE_NS_ASSERTIONS = NO;
				ENABLE_STRICT_OBJC_MSGSEND = YES;
				GCC_C_LANGUAGE_STANDARD = gnu11;
				GCC_NO_COMMON_BLOCKS = YES;
				GCC_WARN_64_TO_32_BIT_CONVERSION = YES;
				GCC_WARN_ABOUT_RETURN_TYPE = YES_ERROR;
				GCC_WARN_UNDECLARED_SELECTOR = YES;
				GCC_WARN_UNINITIALIZED_AUTOS = YES_AGGRESSIVE;
				GCC_WARN_UNUSED_FUNCTION = YES;
				GCC_WARN_UNUSED_VARIABLE = YES;
				IPHONEOS_DEPLOYMENT_TARGET = 13.5;
				MTL_ENABLE_DEBUG_INFO = NO;
				MTL_FAST_MATH = YES;
				SDKROOT = iphoneos;
				SWIFT_COMPILATION_MODE = wholemodule;
				SWIFT_OPTIMIZATION_LEVEL = "-O";
				VALIDATE_PRODUCT = YES;
			};
			name = Release;
		};
		752DA822248FED99000C8875 /* Debug */ = {
			isa = XCBuildConfiguration;
			baseConfigurationReference = A045E745E54687B2CE57F32B /* Pods-loginid-sdk-sample.debug.xcconfig */;
			buildSettings = {
				ASSETCATALOG_COMPILER_APPICON_NAME = AppIcon;
				CODE_SIGN_STYLE = Automatic;
				DEVELOPMENT_ASSET_PATHS = "\"loginid-sdk-sample/Preview Content\"";
				DEVELOPMENT_TEAM = WL838223ZC;
				ENABLE_PREVIEWS = YES;
				INFOPLIST_FILE = "loginid-sdk-sample/Info.plist";
				LD_RUNPATH_SEARCH_PATHS = (
					"$(inherited)",
					"@executable_path/Frameworks",
				);
				PRODUCT_BUNDLE_IDENTIFIER = "com.hatchways.loginid-sdk-sample";
				PRODUCT_NAME = "$(TARGET_NAME)";
				SWIFT_VERSION = 5.0;
				TARGETED_DEVICE_FAMILY = "1,2";
			};
			name = Debug;
		};
		752DA823248FED99000C8875 /* Release */ = {
			isa = XCBuildConfiguration;
			baseConfigurationReference = 4592B5C2DFD64C9B900D0BF6 /* Pods-loginid-sdk-sample.release.xcconfig */;
			buildSettings = {
				ASSETCATALOG_COMPILER_APPICON_NAME = AppIcon;
				CODE_SIGN_STYLE = Automatic;
				DEVELOPMENT_ASSET_PATHS = "\"loginid-sdk-sample/Preview Content\"";
				DEVELOPMENT_TEAM = WL838223ZC;
				ENABLE_PREVIEWS = YES;
				INFOPLIST_FILE = "loginid-sdk-sample/Info.plist";
				LD_RUNPATH_SEARCH_PATHS = (
					"$(inherited)",
					"@executable_path/Frameworks",
				);
				PRODUCT_BUNDLE_IDENTIFIER = "com.hatchways.loginid-sdk-sample";
				PRODUCT_NAME = "$(TARGET_NAME)";
				SWIFT_VERSION = 5.0;
				TARGETED_DEVICE_FAMILY = "1,2";
			};
			name = Release;
		};
		752DA825248FED99000C8875 /* Debug */ = {
			isa = XCBuildConfiguration;
			buildSettings = {
				ALWAYS_EMBED_SWIFT_STANDARD_LIBRARIES = YES;
				BUNDLE_LOADER = "$(TEST_HOST)";
				CODE_SIGN_STYLE = Automatic;
				INFOPLIST_FILE = "loginid-sdk-sampleTests/Info.plist";
				IPHONEOS_DEPLOYMENT_TARGET = 13.5;
				LD_RUNPATH_SEARCH_PATHS = (
					"$(inherited)",
					"@executable_path/Frameworks",
					"@loader_path/Frameworks",
				);
				PRODUCT_BUNDLE_IDENTIFIER = "com.hatchways.loginid-sdk-sampleTests";
				PRODUCT_NAME = "$(TARGET_NAME)";
				SWIFT_VERSION = 5.0;
				TARGETED_DEVICE_FAMILY = "1,2";
				TEST_HOST = "$(BUILT_PRODUCTS_DIR)/loginid-sdk-sample.app/loginid-sdk-sample";
			};
			name = Debug;
		};
		752DA826248FED99000C8875 /* Release */ = {
			isa = XCBuildConfiguration;
			buildSettings = {
				ALWAYS_EMBED_SWIFT_STANDARD_LIBRARIES = YES;
				BUNDLE_LOADER = "$(TEST_HOST)";
				CODE_SIGN_STYLE = Automatic;
				INFOPLIST_FILE = "loginid-sdk-sampleTests/Info.plist";
				IPHONEOS_DEPLOYMENT_TARGET = 13.5;
				LD_RUNPATH_SEARCH_PATHS = (
					"$(inherited)",
					"@executable_path/Frameworks",
					"@loader_path/Frameworks",
				);
				PRODUCT_BUNDLE_IDENTIFIER = "com.hatchways.loginid-sdk-sampleTests";
				PRODUCT_NAME = "$(TARGET_NAME)";
				SWIFT_VERSION = 5.0;
				TARGETED_DEVICE_FAMILY = "1,2";
				TEST_HOST = "$(BUILT_PRODUCTS_DIR)/loginid-sdk-sample.app/loginid-sdk-sample";
			};
			name = Release;
		};
		752DA828248FED99000C8875 /* Debug */ = {
			isa = XCBuildConfiguration;
			buildSettings = {
				ALWAYS_EMBED_SWIFT_STANDARD_LIBRARIES = YES;
				CODE_SIGN_STYLE = Automatic;
				INFOPLIST_FILE = "loginid-sdk-sampleUITests/Info.plist";
				LD_RUNPATH_SEARCH_PATHS = (
					"$(inherited)",
					"@executable_path/Frameworks",
					"@loader_path/Frameworks",
				);
				PRODUCT_BUNDLE_IDENTIFIER = "com.hatchways.loginid-sdk-sampleUITests";
				PRODUCT_NAME = "$(TARGET_NAME)";
				SWIFT_VERSION = 5.0;
				TARGETED_DEVICE_FAMILY = "1,2";
				TEST_TARGET_NAME = "loginid-sdk-sample";
			};
			name = Debug;
		};
		752DA829248FED99000C8875 /* Release */ = {
			isa = XCBuildConfiguration;
			buildSettings = {
				ALWAYS_EMBED_SWIFT_STANDARD_LIBRARIES = YES;
				CODE_SIGN_STYLE = Automatic;
				INFOPLIST_FILE = "loginid-sdk-sampleUITests/Info.plist";
				LD_RUNPATH_SEARCH_PATHS = (
					"$(inherited)",
					"@executable_path/Frameworks",
					"@loader_path/Frameworks",
				);
				PRODUCT_BUNDLE_IDENTIFIER = "com.hatchways.loginid-sdk-sampleUITests";
				PRODUCT_NAME = "$(TARGET_NAME)";
				SWIFT_VERSION = 5.0;
				TARGETED_DEVICE_FAMILY = "1,2";
				TEST_TARGET_NAME = "loginid-sdk-sample";
			};
			name = Release;
		};
/* End XCBuildConfiguration section */

/* Begin XCConfigurationList section */
		752DA7F2248FED92000C8875 /* Build configuration list for PBXProject "loginid-sdk-sample" */ = {
			isa = XCConfigurationList;
			buildConfigurations = (
				752DA81F248FED99000C8875 /* Debug */,
				752DA820248FED99000C8875 /* Release */,
			);
			defaultConfigurationIsVisible = 0;
			defaultConfigurationName = Release;
		};
		752DA821248FED99000C8875 /* Build configuration list for PBXNativeTarget "loginid-sdk-sample" */ = {
			isa = XCConfigurationList;
			buildConfigurations = (
				752DA822248FED99000C8875 /* Debug */,
				752DA823248FED99000C8875 /* Release */,
			);
			defaultConfigurationIsVisible = 0;
			defaultConfigurationName = Release;
		};
		752DA824248FED99000C8875 /* Build configuration list for PBXNativeTarget "loginid-sdk-sampleTests" */ = {
			isa = XCConfigurationList;
			buildConfigurations = (
				752DA825248FED99000C8875 /* Debug */,
				752DA826248FED99000C8875 /* Release */,
			);
			defaultConfigurationIsVisible = 0;
			defaultConfigurationName = Release;
		};
		752DA827248FED99000C8875 /* Build configuration list for PBXNativeTarget "loginid-sdk-sampleUITests" */ = {
			isa = XCConfigurationList;
			buildConfigurations = (
				752DA828248FED99000C8875 /* Debug */,
				752DA829248FED99000C8875 /* Release */,
			);
			defaultConfigurationIsVisible = 0;
			defaultConfigurationName = Release;
		};
/* End XCConfigurationList section */
	};
	rootObject = 752DA7EF248FED92000C8875 /* Project object */;
}
